
Microsoft Visual Studio Solution File, Format Version 12.00
# Visual Studio 2013
VisualStudioVersion = 12.0.31101.0
MinimumVisualStudioVersion = 10.0.40219.1
Project("{FAE04EC0-301F-11D3-BF4B-00C04F79EFBC}") = "Dungeon of Dragons", "Dungeon of Dragons\Dungeon of Dragons.csproj", "{EAA1D243-EDA4-4E7E-BC88-046C1270BBEE}"
EndProject
Global
	GlobalSection(SolutionConfigurationPlatforms) = preSolution
		Debug|Any CPU = Debug|Any CPU
		Release|Any CPU = Release|Any CPU
	EndGlobalSection
	GlobalSection(ProjectConfigurationPlatforms) = postSolution
		{EAA1D243-EDA4-4E7E-BC88-046C1270BBEE}.Debug|Any CPU.ActiveCfg = Debug|Any CPU
		{EAA1D243-EDA4-4E7E-BC88-046C1270BBEE}.Debug|Any CPU.Build.0 = Debug|Any CPU
		{EAA1D243-EDA4-4E7E-BC88-046C1270BBEE}.Release|Any CPU.ActiveCfg = Release|Any CPU
		{EAA1D243-EDA4-4E7E-BC88-046C1270BBEE}.Release|Any CPU.Build.0 = Release|Any CPU
	EndGlobalSection
	GlobalSection(SolutionProperties) = preSolution
		HideSolutionNode = FALSE
	EndGlobalSection
EndGlobal
